// !$*UTF8*$!
{
	archiveVersion = 1;
	classes = {
	};
	objectVersion = 46;
	objects = {

/* Begin PBXBuildFile section */
		CE412E8F19D9A1E4000F294E /* AppDelegate.swift in Sources */ = {isa = PBXBuildFile; fileRef = CE412E8E19D9A1E4000F294E /* AppDelegate.swift */; };
		CE412E9119D9A1E4000F294E /* ViewController.swift in Sources */ = {isa = PBXBuildFile; fileRef = CE412E9019D9A1E4000F294E /* ViewController.swift */; };
		CE412E9419D9A1E4000F294E /* Main.storyboard in Resources */ = {isa = PBXBuildFile; fileRef = CE412E9219D9A1E4000F294E /* Main.storyboard */; };
		CE412E9619D9A1E4000F294E /* Images.xcassets in Resources */ = {isa = PBXBuildFile; fileRef = CE412E9519D9A1E4000F294E /* Images.xcassets */; };
		CE412E9919D9A1E4000F294E /* LaunchScreen.xib in Resources */ = {isa = PBXBuildFile; fileRef = CE412E9719D9A1E4000F294E /* LaunchScreen.xib */; };
		CE412EA519D9A1E4000F294E /* QRCodeReader_swiftTests.swift in Sources */ = {isa = PBXBuildFile; fileRef = CE412EA419D9A1E4000F294E /* QRCodeReader_swiftTests.swift */; };
		CE4E1EDA1D81838F00D2AC35 /* QRCodeReader.swift in Sources */ = {isa = PBXBuildFile; fileRef = CE4E1ED31D81838F00D2AC35 /* QRCodeReader.swift */; };
		CE4E1EDB1D81838F00D2AC35 /* QRCodeReaderResult.swift in Sources */ = {isa = PBXBuildFile; fileRef = CE4E1ED41D81838F00D2AC35 /* QRCodeReaderResult.swift */; };
		CE4E1EDC1D81838F00D2AC35 /* QRCodeReaderViewController.swift in Sources */ = {isa = PBXBuildFile; fileRef = CE4E1ED51D81838F00D2AC35 /* QRCodeReaderViewController.swift */; };
		CE4E1EDD1D81838F00D2AC35 /* QRCodeReaderViewControllerBuilder.swift in Sources */ = {isa = PBXBuildFile; fileRef = CE4E1ED61D81838F00D2AC35 /* QRCodeReaderViewControllerBuilder.swift */; };
		CE4E1EDE1D81838F00D2AC35 /* ReaderOverlayView.swift in Sources */ = {isa = PBXBuildFile; fileRef = CE4E1ED71D81838F00D2AC35 /* ReaderOverlayView.swift */; };
		CE4E1EDF1D81838F00D2AC35 /* SwitchCameraButton.swift in Sources */ = {isa = PBXBuildFile; fileRef = CE4E1ED81D81838F00D2AC35 /* SwitchCameraButton.swift */; };
		CE4E1EE01D81838F00D2AC35 /* ToggleTorchButton.swift in Sources */ = {isa = PBXBuildFile; fileRef = CE4E1ED91D81838F00D2AC35 /* ToggleTorchButton.swift */; };
		CE4E1EE11D81839D00D2AC35 /* QRCodeReader.swift in Sources */ = {isa = PBXBuildFile; fileRef = CE4E1ED31D81838F00D2AC35 /* QRCodeReader.swift */; };
		CE4E1EE21D81839D00D2AC35 /* QRCodeReaderResult.swift in Sources */ = {isa = PBXBuildFile; fileRef = CE4E1ED41D81838F00D2AC35 /* QRCodeReaderResult.swift */; };
		CE4E1EE31D81839D00D2AC35 /* QRCodeReaderViewController.swift in Sources */ = {isa = PBXBuildFile; fileRef = CE4E1ED51D81838F00D2AC35 /* QRCodeReaderViewController.swift */; };
		CE4E1EE41D81839D00D2AC35 /* QRCodeReaderViewControllerBuilder.swift in Sources */ = {isa = PBXBuildFile; fileRef = CE4E1ED61D81838F00D2AC35 /* QRCodeReaderViewControllerBuilder.swift */; };
		CE4E1EE51D81839D00D2AC35 /* ReaderOverlayView.swift in Sources */ = {isa = PBXBuildFile; fileRef = CE4E1ED71D81838F00D2AC35 /* ReaderOverlayView.swift */; };
		CE4E1EE61D81839D00D2AC35 /* SwitchCameraButton.swift in Sources */ = {isa = PBXBuildFile; fileRef = CE4E1ED81D81838F00D2AC35 /* SwitchCameraButton.swift */; };
		CE4E1EE71D81839D00D2AC35 /* ToggleTorchButton.swift in Sources */ = {isa = PBXBuildFile; fileRef = CE4E1ED91D81838F00D2AC35 /* ToggleTorchButton.swift */; };
		CE4E1EE81D81839D00D2AC35 /* QRCodeReader.swift in Sources */ = {isa = PBXBuildFile; fileRef = CE4E1ED31D81838F00D2AC35 /* QRCodeReader.swift */; };
		CE4E1EE91D81839D00D2AC35 /* QRCodeReaderResult.swift in Sources */ = {isa = PBXBuildFile; fileRef = CE4E1ED41D81838F00D2AC35 /* QRCodeReaderResult.swift */; };
		CE4E1EEA1D81839D00D2AC35 /* QRCodeReaderViewController.swift in Sources */ = {isa = PBXBuildFile; fileRef = CE4E1ED51D81838F00D2AC35 /* QRCodeReaderViewController.swift */; };
		CE4E1EEB1D81839D00D2AC35 /* QRCodeReaderViewControllerBuilder.swift in Sources */ = {isa = PBXBuildFile; fileRef = CE4E1ED61D81838F00D2AC35 /* QRCodeReaderViewControllerBuilder.swift */; };
		CE4E1EEC1D81839D00D2AC35 /* ReaderOverlayView.swift in Sources */ = {isa = PBXBuildFile; fileRef = CE4E1ED71D81838F00D2AC35 /* ReaderOverlayView.swift */; };
		CE4E1EED1D81839D00D2AC35 /* SwitchCameraButton.swift in Sources */ = {isa = PBXBuildFile; fileRef = CE4E1ED81D81838F00D2AC35 /* SwitchCameraButton.swift */; };
		CE4E1EEE1D81839D00D2AC35 /* ToggleTorchButton.swift in Sources */ = {isa = PBXBuildFile; fileRef = CE4E1ED91D81838F00D2AC35 /* ToggleTorchButton.swift */; };
		CE8FFED91BAB4E7F00D43F38 /* QRCodeReader.h in Headers */ = {isa = PBXBuildFile; fileRef = CE8FFED81BAB4E7F00D43F38 /* QRCodeReader.h */; settings = {ATTRIBUTES = (Public, ); }; };
		CE8FFEEB1BAB4E7F00D43F38 /* QRCodeReader.framework in Frameworks */ = {isa = PBXBuildFile; fileRef = CE8FFED61BAB4E7F00D43F38 /* QRCodeReader.framework */; };
		CE8FFEEC1BAB4E7F00D43F38 /* QRCodeReader.framework in Embed Frameworks */ = {isa = PBXBuildFile; fileRef = CE8FFED61BAB4E7F00D43F38 /* QRCodeReader.framework */; settings = {ATTRIBUTES = (CodeSignOnCopy, RemoveHeadersOnCopy, ); }; };
		CEBE11051DB8B22900F21CD8 /* QRCodeReaderView.swift in Sources */ = {isa = PBXBuildFile; fileRef = CEBE11041DB8B22900F21CD8 /* QRCodeReaderView.swift */; };
		CEBE11061DB8B22900F21CD8 /* QRCodeReaderView.swift in Sources */ = {isa = PBXBuildFile; fileRef = CEBE11041DB8B22900F21CD8 /* QRCodeReaderView.swift */; };
		CEBE11071DB8B23300F21CD8 /* QRCodeReaderView.swift in Sources */ = {isa = PBXBuildFile; fileRef = CEBE11041DB8B22900F21CD8 /* QRCodeReaderView.swift */; };
		CEBE11091DB8C73700F21CD8 /* QRCodeReaderViewContainer.swift in Sources */ = {isa = PBXBuildFile; fileRef = CEBE11081DB8C73700F21CD8 /* QRCodeReaderViewContainer.swift */; };
		CEBE110A1DB8C73700F21CD8 /* QRCodeReaderViewContainer.swift in Sources */ = {isa = PBXBuildFile; fileRef = CEBE11081DB8C73700F21CD8 /* QRCodeReaderViewContainer.swift */; };
		CEBE110B1DB8C73700F21CD8 /* QRCodeReaderViewContainer.swift in Sources */ = {isa = PBXBuildFile; fileRef = CEBE11081DB8C73700F21CD8 /* QRCodeReaderViewContainer.swift */; };
		CEBE110D1DB8C8B200F21CD8 /* QRCodeReaderViewControllerDelegate.swift in Sources */ = {isa = PBXBuildFile; fileRef = CEBE110C1DB8C8B200F21CD8 /* QRCodeReaderViewControllerDelegate.swift */; };
		CEBE110E1DB8C8B200F21CD8 /* QRCodeReaderViewControllerDelegate.swift in Sources */ = {isa = PBXBuildFile; fileRef = CEBE110C1DB8C8B200F21CD8 /* QRCodeReaderViewControllerDelegate.swift */; };
		CEBE110F1DB8C8B200F21CD8 /* QRCodeReaderViewControllerDelegate.swift in Sources */ = {isa = PBXBuildFile; fileRef = CEBE110C1DB8C8B200F21CD8 /* QRCodeReaderViewControllerDelegate.swift */; };
/* End PBXBuildFile section */

/* Begin PBXContainerItemProxy section */
		CE412E9F19D9A1E4000F294E /* PBXContainerItemProxy */ = {
			isa = PBXContainerItemProxy;
			containerPortal = CE412E8119D9A1E4000F294E /* Project object */;
			proxyType = 1;
			remoteGlobalIDString = CE412E8819D9A1E4000F294E;
			remoteInfo = QRCodeReader.swift;
		};
		CE8FFEE91BAB4E7F00D43F38 /* PBXContainerItemProxy */ = {
			isa = PBXContainerItemProxy;
			containerPortal = CE412E8119D9A1E4000F294E /* Project object */;
			proxyType = 1;
			remoteGlobalIDString = CE8FFED51BAB4E7F00D43F38;
			remoteInfo = QRCodeReader;
		};
/* End PBXContainerItemProxy section */

/* Begin PBXCopyFilesBuildPhase section */
		CE8FFEF21BAB4E8000D43F38 /* Embed Frameworks */ = {
			isa = PBXCopyFilesBuildPhase;
			buildActionMask = 2147483647;
			dstPath = "";
			dstSubfolderSpec = 10;
			files = (
				CE8FFEEC1BAB4E7F00D43F38 /* QRCodeReader.framework in Embed Frameworks */,
			);
			name = "Embed Frameworks";
			runOnlyForDeploymentPostprocessing = 0;
		};
/* End PBXCopyFilesBuildPhase section */

/* Begin PBXFileReference section */
		CE412E8919D9A1E4000F294E /* QRCodeReader.swift.app */ = {isa = PBXFileReference; explicitFileType = wrapper.application; includeInIndex = 0; path = QRCodeReader.swift.app; sourceTree = BUILT_PRODUCTS_DIR; };
		CE412E8D19D9A1E4000F294E /* Info.plist */ = {isa = PBXFileReference; lastKnownFileType = text.plist.xml; path = Info.plist; sourceTree = "<group>"; };
		CE412E8E19D9A1E4000F294E /* AppDelegate.swift */ = {isa = PBXFileReference; lastKnownFileType = sourcecode.swift; path = AppDelegate.swift; sourceTree = "<group>"; };
		CE412E9019D9A1E4000F294E /* ViewController.swift */ = {isa = PBXFileReference; lastKnownFileType = sourcecode.swift; path = ViewController.swift; sourceTree = "<group>"; };
		CE412E9319D9A1E4000F294E /* Base */ = {isa = PBXFileReference; lastKnownFileType = file.storyboard; name = Base; path = Base.lproj/Main.storyboard; sourceTree = "<group>"; };
		CE412E9519D9A1E4000F294E /* Images.xcassets */ = {isa = PBXFileReference; lastKnownFileType = folder.assetcatalog; path = Images.xcassets; sourceTree = "<group>"; };
		CE412E9819D9A1E4000F294E /* Base */ = {isa = PBXFileReference; lastKnownFileType = file.xib; name = Base; path = Base.lproj/LaunchScreen.xib; sourceTree = "<group>"; };
		CE412E9E19D9A1E4000F294E /* QRCodeReader.swiftTests.xctest */ = {isa = PBXFileReference; explicitFileType = wrapper.cfbundle; includeInIndex = 0; path = QRCodeReader.swiftTests.xctest; sourceTree = BUILT_PRODUCTS_DIR; };
		CE412EA319D9A1E4000F294E /* Info.plist */ = {isa = PBXFileReference; lastKnownFileType = text.plist.xml; path = Info.plist; sourceTree = "<group>"; };
		CE412EA419D9A1E4000F294E /* QRCodeReader_swiftTests.swift */ = {isa = PBXFileReference; lastKnownFileType = sourcecode.swift; path = QRCodeReader_swiftTests.swift; sourceTree = "<group>"; };
		CE4E1ED31D81838F00D2AC35 /* QRCodeReader.swift */ = {isa = PBXFileReference; fileEncoding = 4; lastKnownFileType = sourcecode.swift; path = QRCodeReader.swift; sourceTree = "<group>"; };
		CE4E1ED41D81838F00D2AC35 /* QRCodeReaderResult.swift */ = {isa = PBXFileReference; fileEncoding = 4; lastKnownFileType = sourcecode.swift; path = QRCodeReaderResult.swift; sourceTree = "<group>"; };
		CE4E1ED51D81838F00D2AC35 /* QRCodeReaderViewController.swift */ = {isa = PBXFileReference; fileEncoding = 4; lastKnownFileType = sourcecode.swift; path = QRCodeReaderViewController.swift; sourceTree = "<group>"; };
		CE4E1ED61D81838F00D2AC35 /* QRCodeReaderViewControllerBuilder.swift */ = {isa = PBXFileReference; fileEncoding = 4; lastKnownFileType = sourcecode.swift; path = QRCodeReaderViewControllerBuilder.swift; sourceTree = "<group>"; };
		CE4E1ED71D81838F00D2AC35 /* ReaderOverlayView.swift */ = {isa = PBXFileReference; fileEncoding = 4; lastKnownFileType = sourcecode.swift; path = ReaderOverlayView.swift; sourceTree = "<group>"; };
		CE4E1ED81D81838F00D2AC35 /* SwitchCameraButton.swift */ = {isa = PBXFileReference; fileEncoding = 4; lastKnownFileType = sourcecode.swift; path = SwitchCameraButton.swift; sourceTree = "<group>"; };
		CE4E1ED91D81838F00D2AC35 /* ToggleTorchButton.swift */ = {isa = PBXFileReference; fileEncoding = 4; lastKnownFileType = sourcecode.swift; path = ToggleTorchButton.swift; sourceTree = "<group>"; };
		CE8FFED61BAB4E7F00D43F38 /* QRCodeReader.framework */ = {isa = PBXFileReference; explicitFileType = wrapper.framework; includeInIndex = 0; path = QRCodeReader.framework; sourceTree = BUILT_PRODUCTS_DIR; };
		CE8FFED81BAB4E7F00D43F38 /* QRCodeReader.h */ = {isa = PBXFileReference; lastKnownFileType = sourcecode.c.h; path = QRCodeReader.h; sourceTree = "<group>"; };
		CE8FFEDA1BAB4E7F00D43F38 /* Info.plist */ = {isa = PBXFileReference; lastKnownFileType = text.plist.xml; path = Info.plist; sourceTree = "<group>"; };
		CEBE11041DB8B22900F21CD8 /* QRCodeReaderView.swift */ = {isa = PBXFileReference; fileEncoding = 4; lastKnownFileType = sourcecode.swift; path = QRCodeReaderView.swift; sourceTree = "<group>"; };
		CEBE11081DB8C73700F21CD8 /* QRCodeReaderViewContainer.swift */ = {isa = PBXFileReference; fileEncoding = 4; lastKnownFileType = sourcecode.swift; path = QRCodeReaderViewContainer.swift; sourceTree = "<group>"; };
		CEBE110C1DB8C8B200F21CD8 /* QRCodeReaderViewControllerDelegate.swift */ = {isa = PBXFileReference; fileEncoding = 4; lastKnownFileType = sourcecode.swift; path = QRCodeReaderViewControllerDelegate.swift; sourceTree = "<group>"; };
		CEC20A861A14EF0D00E7D0AD /* CameraSwitchIcon.playground */ = {isa = PBXFileReference; lastKnownFileType = file.playground; name = CameraSwitchIcon.playground; path = resources/CameraSwitchIcon.playground; sourceTree = "<group>"; };
/* End PBXFileReference section */

/* Begin PBXFrameworksBuildPhase section */
		CE412E8619D9A1E4000F294E /* Frameworks */ = {
			isa = PBXFrameworksBuildPhase;
			buildActionMask = 2147483647;
			files = (
				CE8FFEEB1BAB4E7F00D43F38 /* QRCodeReader.framework in Frameworks */,
			);
			runOnlyForDeploymentPostprocessing = 0;
		};
		CE412E9B19D9A1E4000F294E /* Frameworks */ = {
			isa = PBXFrameworksBuildPhase;
			buildActionMask = 2147483647;
			files = (
			);
			runOnlyForDeploymentPostprocessing = 0;
		};
		CE8FFED21BAB4E7F00D43F38 /* Frameworks */ = {
			isa = PBXFrameworksBuildPhase;
			buildActionMask = 2147483647;
			files = (
			);
			runOnlyForDeploymentPostprocessing = 0;
		};
/* End PBXFrameworksBuildPhase section */

/* Begin PBXGroup section */
		CE412E8019D9A1E4000F294E = {
			isa = PBXGroup;
			children = (
				CE4E1ED21D81838F00D2AC35 /* QRCodeReader */,
				CE412E8B19D9A1E4000F294E /* Example */,
				CE412EA119D9A1E4000F294E /* ExampleTests */,
				CEC20A871A14EF1400E7D0AD /* Resources */,
				CE8FFED71BAB4E7F00D43F38 /* QRCodeReader */,
				CE412E8A19D9A1E4000F294E /* Products */,
			);
			sourceTree = "<group>";
		};
		CE412E8A19D9A1E4000F294E /* Products */ = {
			isa = PBXGroup;
			children = (
				CE412E8919D9A1E4000F294E /* QRCodeReader.swift.app */,
				CE412E9E19D9A1E4000F294E /* QRCodeReader.swiftTests.xctest */,
				CE8FFED61BAB4E7F00D43F38 /* QRCodeReader.framework */,
			);
			name = Products;
			sourceTree = "<group>";
		};
		CE412E8B19D9A1E4000F294E /* Example */ = {
			isa = PBXGroup;
			children = (
				CE412E8E19D9A1E4000F294E /* AppDelegate.swift */,
				CE412E9019D9A1E4000F294E /* ViewController.swift */,
				CE412E9219D9A1E4000F294E /* Main.storyboard */,
				CE412E9519D9A1E4000F294E /* Images.xcassets */,
				CE412E9719D9A1E4000F294E /* LaunchScreen.xib */,
				CE412E8C19D9A1E4000F294E /* Supporting Files */,
			);
			name = Example;
			path = QRCodeReader.swift;
			sourceTree = "<group>";
		};
		CE412E8C19D9A1E4000F294E /* Supporting Files */ = {
			isa = PBXGroup;
			children = (
				CE412E8D19D9A1E4000F294E /* Info.plist */,
			);
			name = "Supporting Files";
			sourceTree = "<group>";
		};
		CE412EA119D9A1E4000F294E /* ExampleTests */ = {
			isa = PBXGroup;
			children = (
				CE412EA419D9A1E4000F294E /* QRCodeReader_swiftTests.swift */,
				CE412EA219D9A1E4000F294E /* Supporting Files */,
			);
			name = ExampleTests;
			path = QRCodeReader.swiftTests;
			sourceTree = "<group>";
		};
		CE412EA219D9A1E4000F294E /* Supporting Files */ = {
			isa = PBXGroup;
			children = (
				CE412EA319D9A1E4000F294E /* Info.plist */,
			);
			name = "Supporting Files";
			sourceTree = "<group>";
		};
		CE4E1ED21D81838F00D2AC35 /* QRCodeReader */ = {
			isa = PBXGroup;
			children = (
				CE4E1ED31D81838F00D2AC35 /* QRCodeReader.swift */,
				CE4E1ED41D81838F00D2AC35 /* QRCodeReaderResult.swift */,
				CEBE11041DB8B22900F21CD8 /* QRCodeReaderView.swift */,
				CEBE11081DB8C73700F21CD8 /* QRCodeReaderViewContainer.swift */,
				CE4E1ED51D81838F00D2AC35 /* QRCodeReaderViewController.swift */,
				CE4E1ED61D81838F00D2AC35 /* QRCodeReaderViewControllerBuilder.swift */,
				CEBE110C1DB8C8B200F21CD8 /* QRCodeReaderViewControllerDelegate.swift */,
				CE4E1ED71D81838F00D2AC35 /* ReaderOverlayView.swift */,
				CE4E1ED81D81838F00D2AC35 /* SwitchCameraButton.swift */,
				CE4E1ED91D81838F00D2AC35 /* ToggleTorchButton.swift */,
			);
			name = QRCodeReader;
			path = ../Sources;
			sourceTree = "<group>";
		};
		CE8FFED71BAB4E7F00D43F38 /* QRCodeReader */ = {
			isa = PBXGroup;
			children = (
				CE8FFED81BAB4E7F00D43F38 /* QRCodeReader.h */,
				CE8FFEDA1BAB4E7F00D43F38 /* Info.plist */,
			);
			path = QRCodeReader;
			sourceTree = "<group>";
		};
		CEC20A871A14EF1400E7D0AD /* Resources */ = {
			isa = PBXGroup;
			children = (
				CEC20A861A14EF0D00E7D0AD /* CameraSwitchIcon.playground */,
			);
			name = Resources;
			sourceTree = "<group>";
		};
/* End PBXGroup section */

/* Begin PBXHeadersBuildPhase section */
		CE8FFED31BAB4E7F00D43F38 /* Headers */ = {
			isa = PBXHeadersBuildPhase;
			buildActionMask = 2147483647;
			files = (
				CE8FFED91BAB4E7F00D43F38 /* QRCodeReader.h in Headers */,
			);
			runOnlyForDeploymentPostprocessing = 0;
		};
/* End PBXHeadersBuildPhase section */

/* Begin PBXNativeTarget section */
		CE412E8819D9A1E4000F294E /* QRCodeReader.swift */ = {
			isa = PBXNativeTarget;
			buildConfigurationList = CE412EA819D9A1E4000F294E /* Build configuration list for PBXNativeTarget "QRCodeReader.swift" */;
			buildPhases = (
				CE412E8519D9A1E4000F294E /* Sources */,
				CE412E8619D9A1E4000F294E /* Frameworks */,
				CE412E8719D9A1E4000F294E /* Resources */,
				CE8FFEF21BAB4E8000D43F38 /* Embed Frameworks */,
			);
			buildRules = (
			);
			dependencies = (
				CE8FFEEA1BAB4E7F00D43F38 /* PBXTargetDependency */,
			);
			name = QRCodeReader.swift;
			productName = QRCodeReader.swift;
			productReference = CE412E8919D9A1E4000F294E /* QRCodeReader.swift.app */;
			productType = "com.apple.product-type.application";
		};
		CE412E9D19D9A1E4000F294E /* QRCodeReader.swiftTests */ = {
			isa = PBXNativeTarget;
			buildConfigurationList = CE412EAB19D9A1E4000F294E /* Build configuration list for PBXNativeTarget "QRCodeReader.swiftTests" */;
			buildPhases = (
				CE412E9A19D9A1E4000F294E /* Sources */,
				CE412E9B19D9A1E4000F294E /* Frameworks */,
				CE412E9C19D9A1E4000F294E /* Resources */,
			);
			buildRules = (
			);
			dependencies = (
				CE412EA019D9A1E4000F294E /* PBXTargetDependency */,
			);
			name = QRCodeReader.swiftTests;
			productName = QRCodeReader.swiftTests;
			productReference = CE412E9E19D9A1E4000F294E /* QRCodeReader.swiftTests.xctest */;
			productType = "com.apple.product-type.bundle.unit-test";
		};
		CE8FFED51BAB4E7F00D43F38 /* QRCodeReader */ = {
			isa = PBXNativeTarget;
			buildConfigurationList = CE8FFEF11BAB4E8000D43F38 /* Build configuration list for PBXNativeTarget "QRCodeReader" */;
			buildPhases = (
				CE8FFED11BAB4E7F00D43F38 /* Sources */,
				CE8FFED21BAB4E7F00D43F38 /* Frameworks */,
				CE8FFED31BAB4E7F00D43F38 /* Headers */,
				CE8FFED41BAB4E7F00D43F38 /* Resources */,
			);
			buildRules = (
			);
			dependencies = (
			);
			name = QRCodeReader;
			productName = QRCodeReader;
			productReference = CE8FFED61BAB4E7F00D43F38 /* QRCodeReader.framework */;
			productType = "com.apple.product-type.framework";
		};
/* End PBXNativeTarget section */

/* Begin PBXProject section */
		CE412E8119D9A1E4000F294E /* Project object */ = {
			isa = PBXProject;
			attributes = {
				LastSwiftUpdateCheck = 0700;
				LastUpgradeCheck = 1020;
				ORGANIZATIONNAME = "Yannick Loriot";
				TargetAttributes = {
					CE412E8819D9A1E4000F294E = {
						CreatedOnToolsVersion = 6.0.1;
						DevelopmentTeam = 5SJ773RP6R;
						LastSwiftMigration = 1020;
						ProvisioningStyle = Automatic;
					};
					CE412E9D19D9A1E4000F294E = {
						CreatedOnToolsVersion = 6.0.1;
						LastSwiftMigration = 1020;
						ProvisioningStyle = Automatic;
						TestTargetID = CE412E8819D9A1E4000F294E;
					};
					CE8FFED51BAB4E7F00D43F38 = {
						CreatedOnToolsVersion = 7.0;
						LastSwiftMigration = 1020;
					};
				};
			};
			buildConfigurationList = CE412E8419D9A1E4000F294E /* Build configuration list for PBXProject "QRCodeReader.swift" */;
			compatibilityVersion = "Xcode 3.2";
			developmentRegion = en;
			hasScannedForEncodings = 0;
			knownRegions = (
				en,
				Base,
			);
			mainGroup = CE412E8019D9A1E4000F294E;
			productRefGroup = CE412E8A19D9A1E4000F294E /* Products */;
			projectDirPath = "";
			projectRoot = "";
			targets = (
				CE412E8819D9A1E4000F294E /* QRCodeReader.swift */,
				CE412E9D19D9A1E4000F294E /* QRCodeReader.swiftTests */,
				CE8FFED51BAB4E7F00D43F38 /* QRCodeReader */,
			);
		};
/* End PBXProject section */

/* Begin PBXResourcesBuildPhase section */
		CE412E8719D9A1E4000F294E /* Resources */ = {
			isa = PBXResourcesBuildPhase;
			buildActionMask = 2147483647;
			files = (
				CE412E9419D9A1E4000F294E /* Main.storyboard in Resources */,
				CE412E9919D9A1E4000F294E /* LaunchScreen.xib in Resources */,
				CE412E9619D9A1E4000F294E /* Images.xcassets in Resources */,
			);
			runOnlyForDeploymentPostprocessing = 0;
		};
		CE412E9C19D9A1E4000F294E /* Resources */ = {
			isa = PBXResourcesBuildPhase;
			buildActionMask = 2147483647;
			files = (
			);
			runOnlyForDeploymentPostprocessing = 0;
		};
		CE8FFED41BAB4E7F00D43F38 /* Resources */ = {
			isa = PBXResourcesBuildPhase;
			buildActionMask = 2147483647;
			files = (
			);
			runOnlyForDeploymentPostprocessing = 0;
		};
/* End PBXResourcesBuildPhase section */

/* Begin PBXSourcesBuildPhase section */
		CE412E8519D9A1E4000F294E /* Sources */ = {
			isa = PBXSourcesBuildPhase;
			buildActionMask = 2147483647;
			files = (
				CE4E1EE01D81838F00D2AC35 /* ToggleTorchButton.swift in Sources */,
				CE4E1EDF1D81838F00D2AC35 /* SwitchCameraButton.swift in Sources */,
				CE4E1EDA1D81838F00D2AC35 /* QRCodeReader.swift in Sources */,
				CE4E1EDE1D81838F00D2AC35 /* ReaderOverlayView.swift in Sources */,
				CE4E1EDC1D81838F00D2AC35 /* QRCodeReaderViewController.swift in Sources */,
				CE4E1EDB1D81838F00D2AC35 /* QRCodeReaderResult.swift in Sources */,
				CE4E1EDD1D81838F00D2AC35 /* QRCodeReaderViewControllerBuilder.swift in Sources */,
				CE412E9119D9A1E4000F294E /* ViewController.swift in Sources */,
				CE412E8F19D9A1E4000F294E /* AppDelegate.swift in Sources */,
				CEBE11091DB8C73700F21CD8 /* QRCodeReaderViewContainer.swift in Sources */,
				CEBE110D1DB8C8B200F21CD8 /* QRCodeReaderViewControllerDelegate.swift in Sources */,
				CEBE11051DB8B22900F21CD8 /* QRCodeReaderView.swift in Sources */,
			);
			runOnlyForDeploymentPostprocessing = 0;
		};
		CE412E9A19D9A1E4000F294E /* Sources */ = {
			isa = PBXSourcesBuildPhase;
			buildActionMask = 2147483647;
			files = (
				CE4E1EE71D81839D00D2AC35 /* ToggleTorchButton.swift in Sources */,
				CEBE11071DB8B23300F21CD8 /* QRCodeReaderView.swift in Sources */,
				CE4E1EE51D81839D00D2AC35 /* ReaderOverlayView.swift in Sources */,
				CEBE110E1DB8C8B200F21CD8 /* QRCodeReaderViewControllerDelegate.swift in Sources */,
				CE4E1EE61D81839D00D2AC35 /* SwitchCameraButton.swift in Sources */,
				CE4E1EE21D81839D00D2AC35 /* QRCodeReaderResult.swift in Sources */,
				CEBE110A1DB8C73700F21CD8 /* QRCodeReaderViewContainer.swift in Sources */,
				CE4E1EE41D81839D00D2AC35 /* QRCodeReaderViewControllerBuilder.swift in Sources */,
				CE4E1EE11D81839D00D2AC35 /* QRCodeReader.swift in Sources */,
				CE4E1EE31D81839D00D2AC35 /* QRCodeReaderViewController.swift in Sources */,
				CE412EA519D9A1E4000F294E /* QRCodeReader_swiftTests.swift in Sources */,
			);
			runOnlyForDeploymentPostprocessing = 0;
		};
		CE8FFED11BAB4E7F00D43F38 /* Sources */ = {
			isa = PBXSourcesBuildPhase;
			buildActionMask = 2147483647;
			files = (
				CE4E1EEC1D81839D00D2AC35 /* ReaderOverlayView.swift in Sources */,
				CE4E1EEA1D81839D00D2AC35 /* QRCodeReaderViewController.swift in Sources */,
				CEBE110B1DB8C73700F21CD8 /* QRCodeReaderViewContainer.swift in Sources */,
				CE4E1EEB1D81839D00D2AC35 /* QRCodeReaderViewControllerBuilder.swift in Sources */,
				CEBE110F1DB8C8B200F21CD8 /* QRCodeReaderViewControllerDelegate.swift in Sources */,
				CE4E1EE81D81839D00D2AC35 /* QRCodeReader.swift in Sources */,
				CE4E1EED1D81839D00D2AC35 /* SwitchCameraButton.swift in Sources */,
				CEBE11061DB8B22900F21CD8 /* QRCodeReaderView.swift in Sources */,
				CE4E1EEE1D81839D00D2AC35 /* ToggleTorchButton.swift in Sources */,
				CE4E1EE91D81839D00D2AC35 /* QRCodeReaderResult.swift in Sources */,
			);
			runOnlyForDeploymentPostprocessing = 0;
		};
/* End PBXSourcesBuildPhase section */

/* Begin PBXTargetDependency section */
		CE412EA019D9A1E4000F294E /* PBXTargetDependency */ = {
			isa = PBXTargetDependency;
			target = CE412E8819D9A1E4000F294E /* QRCodeReader.swift */;
			targetProxy = CE412E9F19D9A1E4000F294E /* PBXContainerItemProxy */;
		};
		CE8FFEEA1BAB4E7F00D43F38 /* PBXTargetDependency */ = {
			isa = PBXTargetDependency;
			target = CE8FFED51BAB4E7F00D43F38 /* QRCodeReader */;
			targetProxy = CE8FFEE91BAB4E7F00D43F38 /* PBXContainerItemProxy */;
		};
/* End PBXTargetDependency section */

/* Begin PBXVariantGroup section */
		CE412E9219D9A1E4000F294E /* Main.storyboard */ = {
			isa = PBXVariantGroup;
			children = (
				CE412E9319D9A1E4000F294E /* Base */,
			);
			name = Main.storyboard;
			sourceTree = "<group>";
		};
		CE412E9719D9A1E4000F294E /* LaunchScreen.xib */ = {
			isa = PBXVariantGroup;
			children = (
				CE412E9819D9A1E4000F294E /* Base */,
			);
			name = LaunchScreen.xib;
			sourceTree = "<group>";
		};
/* End PBXVariantGroup section */

/* Begin XCBuildConfiguration section */
		CE412EA619D9A1E4000F294E /* Debug */ = {
			isa = XCBuildConfiguration;
			buildSettings = {
				ALWAYS_SEARCH_USER_PATHS = NO;
				CLANG_ANALYZER_LOCALIZABILITY_NONLOCALIZED = YES;
				CLANG_CXX_LANGUAGE_STANDARD = "gnu++0x";
				CLANG_CXX_LIBRARY = "libc++";
				CLANG_ENABLE_MODULES = YES;
				CLANG_ENABLE_OBJC_ARC = YES;
				CLANG_WARN_BLOCK_CAPTURE_AUTORELEASING = YES;
				CLANG_WARN_BOOL_CONVERSION = YES;
				CLANG_WARN_COMMA = YES;
				CLANG_WARN_CONSTANT_CONVERSION = YES;
				CLANG_WARN_DEPRECATED_OBJC_IMPLEMENTATIONS = YES;
				CLANG_WARN_DIRECT_OBJC_ISA_USAGE = YES_ERROR;
				CLANG_WARN_EMPTY_BODY = YES;
				CLANG_WARN_ENUM_CONVERSION = YES;
				CLANG_WARN_INFINITE_RECURSION = YES;
				CLANG_WARN_INT_CONVERSION = YES;
				CLANG_WARN_NON_LITERAL_NULL_CONVERSION = YES;
				CLANG_WARN_OBJC_IMPLICIT_RETAIN_SELF = YES;
				CLANG_WARN_OBJC_LITERAL_CONVERSION = YES;
				CLANG_WARN_OBJC_ROOT_CLASS = YES_ERROR;
				CLANG_WARN_RANGE_LOOP_ANALYSIS = YES;
				CLANG_WARN_STRICT_PROTOTYPES = YES;
				CLANG_WARN_SUSPICIOUS_MOVE = YES;
				CLANG_WARN_UNREACHABLE_CODE = YES;
				CLANG_WARN__DUPLICATE_METHOD_MATCH = YES;
				"CODE_SIGN_IDENTITY[sdk=iphoneos*]" = "iPhone Developer";
				COPY_PHASE_STRIP = NO;
				ENABLE_STRICT_OBJC_MSGSEND = YES;
				ENABLE_TESTABILITY = YES;
				GCC_C_LANGUAGE_STANDARD = gnu99;
				GCC_DYNAMIC_NO_PIC = NO;
				GCC_NO_COMMON_BLOCKS = YES;
				GCC_OPTIMIZATION_LEVEL = 0;
				GCC_PREPROCESSOR_DEFINITIONS = (
					"DEBUG=1",
					"$(inherited)",
				);
				GCC_SYMBOLS_PRIVATE_EXTERN = NO;
				GCC_WARN_64_TO_32_BIT_CONVERSION = YES;
				GCC_WARN_ABOUT_RETURN_TYPE = YES_ERROR;
				GCC_WARN_UNDECLARED_SELECTOR = YES;
				GCC_WARN_UNINITIALIZED_AUTOS = YES_AGGRESSIVE;
				GCC_WARN_UNUSED_FUNCTION = YES;
				GCC_WARN_UNUSED_VARIABLE = YES;
				IPHONEOS_DEPLOYMENT_TARGET = 8.0;
				MTL_ENABLE_DEBUG_INFO = YES;
				ONLY_ACTIVE_ARCH = YES;
				SDKROOT = iphoneos;
				SWIFT_OPTIMIZATION_LEVEL = "-Onone";
				TARGETED_DEVICE_FAMILY = "1,2";
			};
			name = Debug;
		};
		CE412EA719D9A1E4000F294E /* Release */ = {
			isa = XCBuildConfiguration;
			buildSettings = {
				ALWAYS_SEARCH_USER_PATHS = NO;
				CLANG_ANALYZER_LOCALIZABILITY_NONLOCALIZED = YES;
				CLANG_CXX_LANGUAGE_STANDARD = "gnu++0x";
				CLANG_CXX_LIBRARY = "libc++";
				CLANG_ENABLE_MODULES = YES;
				CLANG_ENABLE_OBJC_ARC = YES;
				CLANG_WARN_BLOCK_CAPTURE_AUTORELEASING = YES;
				CLANG_WARN_BOOL_CONVERSION = YES;
				CLANG_WARN_COMMA = YES;
				CLANG_WARN_CONSTANT_CONVERSION = YES;
				CLANG_WARN_DEPRECATED_OBJC_IMPLEMENTATIONS = YES;
				CLANG_WARN_DIRECT_OBJC_ISA_USAGE = YES_ERROR;
				CLANG_WARN_EMPTY_BODY = YES;
				CLANG_WARN_ENUM_CONVERSION = YES;
				CLANG_WARN_INFINITE_RECURSION = YES;
				CLANG_WARN_INT_CONVERSION = YES;
				CLANG_WARN_NON_LITERAL_NULL_CONVERSION = YES;
				CLANG_WARN_OBJC_IMPLICIT_RETAIN_SELF = YES;
				CLANG_WARN_OBJC_LITERAL_CONVERSION = YES;
				CLANG_WARN_OBJC_ROOT_CLASS = YES_ERROR;
				CLANG_WARN_RANGE_LOOP_ANALYSIS = YES;
				CLANG_WARN_STRICT_PROTOTYPES = YES;
				CLANG_WARN_SUSPICIOUS_MOVE = YES;
				CLANG_WARN_UNREACHABLE_CODE = YES;
				CLANG_WARN__DUPLICATE_METHOD_MATCH = YES;
				"CODE_SIGN_IDENTITY[sdk=iphoneos*]" = "iPhone Developer";
				COPY_PHASE_STRIP = YES;
				ENABLE_NS_ASSERTIONS = NO;
				ENABLE_STRICT_OBJC_MSGSEND = YES;
				GCC_C_LANGUAGE_STANDARD = gnu99;
				GCC_NO_COMMON_BLOCKS = YES;
				GCC_WARN_64_TO_32_BIT_CONVERSION = YES;
				GCC_WARN_ABOUT_RETURN_TYPE = YES_ERROR;
				GCC_WARN_UNDECLARED_SELECTOR = YES;
				GCC_WARN_UNINITIALIZED_AUTOS = YES_AGGRESSIVE;
				GCC_WARN_UNUSED_FUNCTION = YES;
				GCC_WARN_UNUSED_VARIABLE = YES;
				IPHONEOS_DEPLOYMENT_TARGET = 8.0;
				MTL_ENABLE_DEBUG_INFO = NO;
				SDKROOT = iphoneos;
				TARGETED_DEVICE_FAMILY = "1,2";
				VALIDATE_PRODUCT = YES;
			};
			name = Release;
		};
		CE412EA919D9A1E4000F294E /* Debug */ = {
			isa = XCBuildConfiguration;
			buildSettings = {
				ALWAYS_EMBED_SWIFT_STANDARD_LIBRARIES = YES;
				ASSETCATALOG_COMPILER_APPICON_NAME = AppIcon;
				"CODE_SIGN_IDENTITY[sdk=iphoneos*]" = "iPhone Developer";
				DEVELOPMENT_TEAM = 5SJ773RP6R;
				INFOPLIST_FILE = QRCodeReader.swift/Info.plist;
				IPHONEOS_DEPLOYMENT_TARGET = 8.0;
				LD_RUNPATH_SEARCH_PATHS = "$(inherited) @executable_path/Frameworks";
				PRODUCT_BUNDLE_IDENTIFIER = com.yannickloriot.qrcodereader;
				PRODUCT_NAME = "$(TARGET_NAME)";
				SWIFT_VERSION = 5.0;
			};
			name = Debug;
		};
		CE412EAA19D9A1E4000F294E /* Release */ = {
			isa = XCBuildConfiguration;
			buildSettings = {
				ALWAYS_EMBED_SWIFT_STANDARD_LIBRARIES = YES;
				ASSETCATALOG_COMPILER_APPICON_NAME = AppIcon;
				"CODE_SIGN_IDENTITY[sdk=iphoneos*]" = "iPhone Developer";
				DEVELOPMENT_TEAM = 5SJ773RP6R;
				INFOPLIST_FILE = QRCodeReader.swift/Info.plist;
				IPHONEOS_DEPLOYMENT_TARGET = 8.0;
				LD_RUNPATH_SEARCH_PATHS = "$(inherited) @executable_path/Frameworks";
				PRODUCT_BUNDLE_IDENTIFIER = com.yannickloriot.qrcodereader;
				PRODUCT_NAME = "$(TARGET_NAME)";
				SWIFT_OPTIMIZATION_LEVEL = "-Owholemodule";
				SWIFT_VERSION = 5.0;
			};
			name = Release;
		};
		CE412EAC19D9A1E4000F294E /* Debug */ = {
			isa = XCBuildConfiguration;
			buildSettings = {
				BUNDLE_LOADER = "$(TEST_HOST)";
				"CODE_SIGN_IDENTITY[sdk=iphoneos*]" = "iPhone Developer";
				DEVELOPMENT_TEAM = "";
				FRAMEWORK_SEARCH_PATHS = (
					"$(SDKROOT)/Developer/Library/Frameworks",
					"$(inherited)",
				);
				GCC_PREPROCESSOR_DEFINITIONS = (
					"DEBUG=1",
					"$(inherited)",
				);
				INFOPLIST_FILE = QRCodeReader.swiftTests/Info.plist;
				LD_RUNPATH_SEARCH_PATHS = "$(inherited) @executable_path/Frameworks @loader_path/Frameworks";
				PRODUCT_BUNDLE_IDENTIFIER = "com.yannickloriot.$(PRODUCT_NAME:rfc1034identifier)";
				PRODUCT_NAME = "$(TARGET_NAME)";
				SWIFT_VERSION = 5.0;
				TEST_HOST = "$(BUILT_PRODUCTS_DIR)/QRCodeReader.swift.app/QRCodeReader.swift";
			};
			name = Debug;
		};
		CE412EAD19D9A1E4000F294E /* Release */ = {
			isa = XCBuildConfiguration;
			buildSettings = {
				BUNDLE_LOADER = "$(TEST_HOST)";
				"CODE_SIGN_IDENTITY[sdk=iphoneos*]" = "iPhone Developer";
				DEVELOPMENT_TEAM = "";
				FRAMEWORK_SEARCH_PATHS = (
					"$(SDKROOT)/Developer/Library/Frameworks",
					"$(inherited)",
				);
				INFOPLIST_FILE = QRCodeReader.swiftTests/Info.plist;
				LD_RUNPATH_SEARCH_PATHS = "$(inherited) @executable_path/Frameworks @loader_path/Frameworks";
				PRODUCT_BUNDLE_IDENTIFIER = "com.yannickloriot.$(PRODUCT_NAME:rfc1034identifier)";
				PRODUCT_NAME = "$(TARGET_NAME)";
				SWIFT_OPTIMIZATION_LEVEL = "-Owholemodule";
				SWIFT_VERSION = 5.0;
				TEST_HOST = "$(BUILT_PRODUCTS_DIR)/QRCodeReader.swift.app/QRCodeReader.swift";
			};
			name = Release;
		};
		CE8FFEED1BAB4E8000D43F38 /* Debug */ = {
			isa = XCBuildConfiguration;
			buildSettings = {
				"CODE_SIGN_IDENTITY[sdk=iphoneos*]" = "";
				CURRENT_PROJECT_VERSION = 1;
				DEBUG_INFORMATION_FORMAT = dwarf;
				DEFINES_MODULE = YES;
				DYLIB_COMPATIBILITY_VERSION = 1;
				DYLIB_CURRENT_VERSION = 1;
				DYLIB_INSTALL_NAME_BASE = "@rpath";
				GCC_NO_COMMON_BLOCKS = YES;
				INFOPLIST_FILE = QRCodeReader/Info.plist;
				INSTALL_PATH = "$(LOCAL_LIBRARY_DIR)/Frameworks";
				IPHONEOS_DEPLOYMENT_TARGET = 8.0;
				LD_RUNPATH_SEARCH_PATHS = "$(inherited) @executable_path/Frameworks @loader_path/Frameworks";
				PRODUCT_BUNDLE_IDENTIFIER = com.yannickloriot.QRCodeReader;
				PRODUCT_NAME = "$(TARGET_NAME)";
				SKIP_INSTALL = YES;
				SWIFT_VERSION = 5.0;
				VERSIONING_SYSTEM = "apple-generic";
				VERSION_INFO_PREFIX = "";
			};
			name = Debug;
		};
		CE8FFEEE1BAB4E8000D43F38 /* Release */ = {
			isa = XCBuildConfiguration;
			buildSettings = {
				"CODE_SIGN_IDENTITY[sdk=iphoneos*]" = "";
				COPY_PHASE_STRIP = NO;
				CURRENT_PROJECT_VERSION = 1;
				DEBUG_INFORMATION_FORMAT = "dwarf-with-dsym";
				DEFINES_MODULE = YES;
				DYLIB_COMPATIBILITY_VERSION = 1;
				DYLIB_CURRENT_VERSION = 1;
				DYLIB_INSTALL_NAME_BASE = "@rpath";
				GCC_NO_COMMON_BLOCKS = YES;
				INFOPLIST_FILE = QRCodeReader/Info.plist;
				INSTALL_PATH = "$(LOCAL_LIBRARY_DIR)/Frameworks";
				IPHONEOS_DEPLOYMENT_TARGET = 8.0;
				LD_RUNPATH_SEARCH_PATHS = "$(inherited) @executable_path/Frameworks @loader_path/Frameworks";
				PRODUCT_BUNDLE_IDENTIFIER = com.yannickloriot.QRCodeReader;
				PRODUCT_NAME = "$(TARGET_NAME)";
				SKIP_INSTALL = YES;
				SWIFT_OPTIMIZATION_LEVEL = "-Owholemodule";
				SWIFT_VERSION = 5.0;
				VERSIONING_SYSTEM = "apple-generic";
				VERSION_INFO_PREFIX = "";
			};
			name = Release;
		};
/* End XCBuildConfiguration section */

/* Begin XCConfigurationList section */
		CE412E8419D9A1E4000F294E /* Build configuration list for PBXProject "QRCodeReader.swift" */ = {
			isa = XCConfigurationList;
			buildConfigurations = (
				CE412EA619D9A1E4000F294E /* Debug */,
				CE412EA719D9A1E4000F294E /* Release */,
			);
			defaultConfigurationIsVisible = 0;
			defaultConfigurationName = Release;
		};
		CE412EA819D9A1E4000F294E /* Build configuration list for PBXNativeTarget "QRCodeReader.swift" */ = {
			isa = XCConfigurationList;
			buildConfigurations = (
				CE412EA919D9A1E4000F294E /* Debug */,
				CE412EAA19D9A1E4000F294E /* Release */,
			);
			defaultConfigurationIsVisible = 0;
			defaultConfigurationName = Release;
		};
		CE412EAB19D9A1E4000F294E /* Build configuration list for PBXNativeTarget "QRCodeReader.swiftTests" */ = {
			isa = XCConfigurationList;
			buildConfigurations = (
				CE412EAC19D9A1E4000F294E /* Debug */,
				CE412EAD19D9A1E4000F294E /* Release */,
			);
			defaultConfigurationIsVisible = 0;
			defaultConfigurationName = Release;
		};
		CE8FFEF11BAB4E8000D43F38 /* Build configuration list for PBXNativeTarget "QRCodeReader" */ = {
			isa = XCConfigurationList;
			buildConfigurations = (
				CE8FFEED1BAB4E8000D43F38 /* Debug */,
				CE8FFEEE1BAB4E8000D43F38 /* Release */,
			);
			defaultConfigurationIsVisible = 0;
			defaultConfigurationName = Release;
		};
/* End XCConfigurationList section */
	};
	rootObject = CE412E8119D9A1E4000F294E /* Project object */;
}
